// !$*UTF8*$!
{
	archiveVersion = 1;
	classes = {
	};
	objectVersion = 56;
	objects = {

/* Begin PBXBuildFile section */
		A015518E2AECE51400B9D271 /* HomeView.swift in Sources */ = {isa = PBXBuildFile; fileRef = A015518D2AECE51400B9D271 /* HomeView.swift */; };
		A01551AA2AECE56400B9D271 /* SearchView.swift in Sources */ = {isa = PBXBuildFile; fileRef = A01551A92AECE56400B9D271 /* SearchView.swift */; };
		A01551B52AED5AB800B9D271 /* GmarketSansTTFMedium.ttf in Resources */ = {isa = PBXBuildFile; fileRef = A01551B22AED5AB700B9D271 /* GmarketSansTTFMedium.ttf */; };
		A01551B62AED5AB800B9D271 /* GmarketSansTTFLight.ttf in Resources */ = {isa = PBXBuildFile; fileRef = A01551B32AED5AB800B9D271 /* GmarketSansTTFLight.ttf */; };
		A01551B72AED5AB800B9D271 /* GmarketSansTTFBold.ttf in Resources */ = {isa = PBXBuildFile; fileRef = A01551B42AED5AB800B9D271 /* GmarketSansTTFBold.ttf */; };
		A01551BD2AEE401C00B9D271 /* SettingView.swift in Sources */ = {isa = PBXBuildFile; fileRef = A01551BC2AEE401C00B9D271 /* SettingView.swift */; };
		A019CC462B038DBB007DBA20 /* SelectingView.swift in Sources */ = {isa = PBXBuildFile; fileRef = A019CC452B038DBB007DBA20 /* SelectingView.swift */; };
		A019CC482B038E4D007DBA20 /* SelectingFriendInfoView.swift in Sources */ = {isa = PBXBuildFile; fileRef = A019CC472B038E4D007DBA20 /* SelectingFriendInfoView.swift */; };
		A01FF5012B4D21B3008F842B /* LoginAPI.swift in Sources */ = {isa = PBXBuildFile; fileRef = A01FF5002B4D21B3008F842B /* LoginAPI.swift */; };
		A02101C52AFB21D800CB2FCD /* HomeViewModel.swift in Sources */ = {isa = PBXBuildFile; fileRef = A02101C42AFB21D800CB2FCD /* HomeViewModel.swift */; };
		A02101CA2AFB23A500CB2FCD /* GruopInfoModel.swift in Sources */ = {isa = PBXBuildFile; fileRef = A02101C92AFB23A500CB2FCD /* GruopInfoModel.swift */; };
		A02101CD2AFB23F400CB2FCD /* MemberInfoModel.swift in Sources */ = {isa = PBXBuildFile; fileRef = A02101CC2AFB23F400CB2FCD /* MemberInfoModel.swift */; };
		A02101D42AFB4C9200CB2FCD /* FriendEditModal.swift in Sources */ = {isa = PBXBuildFile; fileRef = A02101D32AFB4C9200CB2FCD /* FriendEditModal.swift */; };
		A02101D62AFB52AB00CB2FCD /* HomeGroupView.swift in Sources */ = {isa = PBXBuildFile; fileRef = A02101D52AFB52AB00CB2FCD /* HomeGroupView.swift */; };
		A02101D82AFB53BA00CB2FCD /* HomeFriendView.swift in Sources */ = {isa = PBXBuildFile; fileRef = A02101D72AFB53BA00CB2FCD /* HomeFriendView.swift */; };
		A02101DA2AFB56BD00CB2FCD /* GroupEditModal.swift in Sources */ = {isa = PBXBuildFile; fileRef = A02101D92AFB56BD00CB2FCD /* GroupEditModal.swift */; };
		A027B9512AFD23BD00AB7B10 /* Font.swift in Sources */ = {isa = PBXBuildFile; fileRef = A01551BA2AED5E7800B9D271 /* Font.swift */; };
		A03A748B2B5B9B03003100DF /* GroupEditSelectModal.swift in Sources */ = {isa = PBXBuildFile; fileRef = A03A748A2B5B9B03003100DF /* GroupEditSelectModal.swift */; };
		A04756722AEEB714000872B9 /* LoginView.swift in Sources */ = {isa = PBXBuildFile; fileRef = A04756712AEEB714000872B9 /* LoginView.swift */; };
		A04E11D72B4C23560067AA39 /* HomeGroupSingleView.swift in Sources */ = {isa = PBXBuildFile; fileRef = A04E11D62B4C23560067AA39 /* HomeGroupSingleView.swift */; };
		A05E269D2B1F401C00FD3E22 /* GroupAPI.swift in Sources */ = {isa = PBXBuildFile; fileRef = A05E269C2B1F401C00FD3E22 /* GroupAPI.swift */; };
		A06000812AFCFCA800CC9A6A /* MainViewModel.swift in Sources */ = {isa = PBXBuildFile; fileRef = A06000802AFCFCA800CC9A6A /* MainViewModel.swift */; };
		A06000842AFD166800CC9A6A /* Kingfisher in Frameworks */ = {isa = PBXBuildFile; productRef = A06000832AFD166800CC9A6A /* Kingfisher */; };
		A06810DC2B6A233D0045DC43 /* NetworkMonitorView.swift in Sources */ = {isa = PBXBuildFile; fileRef = A06810DB2B6A233D0045DC43 /* NetworkMonitorView.swift */; };
		A06810DE2B6B32860045DC43 /* MyToast.swift in Sources */ = {isa = PBXBuildFile; fileRef = A06810DD2B6B32860045DC43 /* MyToast.swift */; };
		A06BAE932AF8B78000DB5A76 /* Where42ToolBarContent.swift in Sources */ = {isa = PBXBuildFile; fileRef = A06BAE922AF8B78000DB5A76 /* Where42ToolBarContent.swift */; };
		A06BAE982AF8BDDE00DB5A76 /* DeviceName.swift in Sources */ = {isa = PBXBuildFile; fileRef = A06BAE972AF8BDDE00DB5A76 /* DeviceName.swift */; };
		A06BAE9A2AF8C1CC00DB5A76 /* API.swift in Sources */ = {isa = PBXBuildFile; fileRef = A06BAE992AF8C1CC00DB5A76 /* API.swift */; };
		A06BAE9C2AF9E7CC00DB5A76 /* HomeInfoView.swift in Sources */ = {isa = PBXBuildFile; fileRef = A06BAE9B2AF9E7CC00DB5A76 /* HomeInfoView.swift */; };
		A06BAE9E2AFA2D4100DB5A76 /* HomeFriendInfoView.swift in Sources */ = {isa = PBXBuildFile; fileRef = A06BAE9D2AFA2D4100DB5A76 /* HomeFriendInfoView.swift */; };
		A06DB6432AFD24700021263A /* CustomAlertModal.swift in Sources */ = {isa = PBXBuildFile; fileRef = A090A2952AFD1EF8001A1198 /* CustomAlertModal.swift */; };
		A06DB6452AFDD9A00021263A /* SettingViewModel.swift in Sources */ = {isa = PBXBuildFile; fileRef = A06DB6442AFDD9A00021263A /* SettingViewModel.swift */; };
		A06DB6472AFDDF6C0021263A /* HomeGroupViewModel.swift in Sources */ = {isa = PBXBuildFile; fileRef = A06DB6462AFDDF6C0021263A /* HomeGroupViewModel.swift */; };
		A07518512B218E0E00E1AE7C /* PersonalInfoAgreementView.swift in Sources */ = {isa = PBXBuildFile; fileRef = A07518502B218E0E00E1AE7C /* PersonalInfoAgreementView.swift */; };
		A07518532B219F6F00E1AE7C /* AnimatePlaceholder.swift in Sources */ = {isa = PBXBuildFile; fileRef = A07518522B219F6F00E1AE7C /* AnimatePlaceholder.swift */; };
		A0782B832AFCA00A00A7DDDA /* readSize.swift in Sources */ = {isa = PBXBuildFile; fileRef = A0782B822AFCA00A00A7DDDA /* readSize.swift */; };
		A0938C432B0C6A0D00367E84 /* SearchViewModel.swift in Sources */ = {isa = PBXBuildFile; fileRef = A0938C422B0C6A0D00367E84 /* SearchViewModel.swift */; };
		A0A351312B565EDF00A826A5 /* CustomExceptions.swift in Sources */ = {isa = PBXBuildFile; fileRef = A0A351302B565EDF00A826A5 /* CustomExceptions.swift */; };
		A0AF34A42AEFA2A60057C996 /* LaunchScreenView.swift in Sources */ = {isa = PBXBuildFile; fileRef = A0AF34A32AEFA2A60057C996 /* LaunchScreenView.swift */; };
		A0BBA7022B01DEDC00C3A8A0 /* LoginViewModel.swift in Sources */ = {isa = PBXBuildFile; fileRef = A0BBA7012B01DEDC00C3A8A0 /* LoginViewModel.swift */; };
		A0BBA7042B01E09800C3A8A0 /* MyWebView.swift in Sources */ = {isa = PBXBuildFile; fileRef = A0BBA7032B01E09800C3A8A0 /* MyWebView.swift */; };
		A0BBA7062B01E13C00C3A8A0 /* HelpPage.swift in Sources */ = {isa = PBXBuildFile; fileRef = A0BBA7052B01E13C00C3A8A0 /* HelpPage.swift */; };
		A0CF06652B7340A300FE2F15 /* WhereSceneDelegate.swift in Sources */ = {isa = PBXBuildFile; fileRef = A0CF06642B7340A300FE2F15 /* WhereSceneDelegate.swift */; };
		A0CF06672B7343D600FE2F15 /* ToastScene.swift in Sources */ = {isa = PBXBuildFile; fileRef = A0CF06662B7343D600FE2F15 /* ToastScene.swift */; };
		A0CF06692B7346B500FE2F15 /* PassThroughWindow.swift in Sources */ = {isa = PBXBuildFile; fileRef = A0CF06682B7346B500FE2F15 /* PassThroughWindow.swift */; };
		A0CF066B2B73496400FE2F15 /* WhereAppDelegate.swift in Sources */ = {isa = PBXBuildFile; fileRef = A0CF066A2B73496400FE2F15 /* WhereAppDelegate.swift */; };
		A0D5E0352B108B1E00BEE525 /* Settings.bundle in Resources */ = {isa = PBXBuildFile; fileRef = A0D5E0342B108B1E00BEE525 /* Settings.bundle */; };
		A0D5E0372B15DD9F00BEE525 /* MemberAPI.swift in Sources */ = {isa = PBXBuildFile; fileRef = A0D5E0362B15DD9F00BEE525 /* MemberAPI.swift */; };
		A0D836052B5BB2BE006C18E2 /* GroupMemberAddView.swift in Sources */ = {isa = PBXBuildFile; fileRef = A0D836042B5BB2BE006C18E2 /* GroupMemberAddView.swift */; };
		A0D836072B5BD675006C18E2 /* SettingAlert.swift in Sources */ = {isa = PBXBuildFile; fileRef = A0D836062B5BD675006C18E2 /* SettingAlert.swift */; };
		A0D836092B5BD736006C18E2 /* CustomLocationView.swift in Sources */ = {isa = PBXBuildFile; fileRef = A0D836082B5BD736006C18E2 /* CustomLocationView.swift */; };
		A0E366132B63937800C90D08 /* SearchMemberInfoView.swift in Sources */ = {isa = PBXBuildFile; fileRef = A0E366122B63937800C90D08 /* SearchMemberInfoView.swift */; };
		A0ECD5E82B36AAAB0032F46D /* GroupMemberDeleteView.swift in Sources */ = {isa = PBXBuildFile; fileRef = A0ECD5E72B36AAAB0032F46D /* GroupMemberDeleteView.swift */; };
		A0F6839A2B4AC3A400EEA986 /* SheetOrPopOver.swift in Sources */ = {isa = PBXBuildFile; fileRef = A0F683992B4AC3A400EEA986 /* SheetOrPopOver.swift */; };
		A0FD453C2AEB81D70050AB09 /* Where42App.swift in Sources */ = {isa = PBXBuildFile; fileRef = A0FD453B2AEB81D70050AB09 /* Where42App.swift */; };
		A0FD453E2AEB81D70050AB09 /* Where42.swift in Sources */ = {isa = PBXBuildFile; fileRef = A0FD453D2AEB81D70050AB09 /* Where42.swift */; };
		A0FD45402AEB81DB0050AB09 /* Assets.xcassets in Resources */ = {isa = PBXBuildFile; fileRef = A0FD453F2AEB81DB0050AB09 /* Assets.xcassets */; };
		A0FD45432AEB81DB0050AB09 /* Preview Assets.xcassets in Resources */ = {isa = PBXBuildFile; fileRef = A0FD45422AEB81DB0050AB09 /* Preview Assets.xcassets */; };
		A0FDC54F2B08B2C300B3D49E /* MainAlertView.swift in Sources */ = {isa = PBXBuildFile; fileRef = A0FDC54E2B08B2C300B3D49E /* MainAlertView.swift */; };
/* End PBXBuildFile section */

/* Begin PBXFileReference section */
		A015518D2AECE51400B9D271 /* HomeView.swift */ = {isa = PBXFileReference; lastKnownFileType = sourcecode.swift; path = HomeView.swift; sourceTree = "<group>"; };
		A01551A92AECE56400B9D271 /* SearchView.swift */ = {isa = PBXFileReference; lastKnownFileType = sourcecode.swift; path = SearchView.swift; sourceTree = "<group>"; };
		A01551B22AED5AB700B9D271 /* GmarketSansTTFMedium.ttf */ = {isa = PBXFileReference; lastKnownFileType = file; path = GmarketSansTTFMedium.ttf; sourceTree = "<group>"; };
		A01551B32AED5AB800B9D271 /* GmarketSansTTFLight.ttf */ = {isa = PBXFileReference; lastKnownFileType = file; path = GmarketSansTTFLight.ttf; sourceTree = "<group>"; };
		A01551B42AED5AB800B9D271 /* GmarketSansTTFBold.ttf */ = {isa = PBXFileReference; lastKnownFileType = file; path = GmarketSansTTFBold.ttf; sourceTree = "<group>"; };
		A01551B92AED5D9E00B9D271 /* Info.plist */ = {isa = PBXFileReference; lastKnownFileType = text.plist; path = Info.plist; sourceTree = "<group>"; };
		A01551BA2AED5E7800B9D271 /* Font.swift */ = {isa = PBXFileReference; lastKnownFileType = sourcecode.swift; path = Font.swift; sourceTree = "<group>"; };
		A01551BC2AEE401C00B9D271 /* SettingView.swift */ = {isa = PBXFileReference; lastKnownFileType = sourcecode.swift; path = SettingView.swift; sourceTree = "<group>"; };
		A019CC452B038DBB007DBA20 /* SelectingView.swift */ = {isa = PBXFileReference; lastKnownFileType = sourcecode.swift; path = SelectingView.swift; sourceTree = "<group>"; };
		A019CC472B038E4D007DBA20 /* SelectingFriendInfoView.swift */ = {isa = PBXFileReference; lastKnownFileType = sourcecode.swift; path = SelectingFriendInfoView.swift; sourceTree = "<group>"; };
		A01FF5002B4D21B3008F842B /* LoginAPI.swift */ = {isa = PBXFileReference; lastKnownFileType = sourcecode.swift; path = LoginAPI.swift; sourceTree = "<group>"; };
		A02101C42AFB21D800CB2FCD /* HomeViewModel.swift */ = {isa = PBXFileReference; lastKnownFileType = sourcecode.swift; path = HomeViewModel.swift; sourceTree = "<group>"; };
		A02101C92AFB23A500CB2FCD /* GruopInfoModel.swift */ = {isa = PBXFileReference; lastKnownFileType = sourcecode.swift; path = GruopInfoModel.swift; sourceTree = "<group>"; };
		A02101CC2AFB23F400CB2FCD /* MemberInfoModel.swift */ = {isa = PBXFileReference; lastKnownFileType = sourcecode.swift; name = MemberInfoModel.swift; path = Where42/Model/MemberInfoModel.swift; sourceTree = SOURCE_ROOT; };
		A02101D32AFB4C9200CB2FCD /* FriendEditModal.swift */ = {isa = PBXFileReference; lastKnownFileType = sourcecode.swift; path = FriendEditModal.swift; sourceTree = "<group>"; };
		A02101D52AFB52AB00CB2FCD /* HomeGroupView.swift */ = {isa = PBXFileReference; lastKnownFileType = sourcecode.swift; path = HomeGroupView.swift; sourceTree = "<group>"; };
		A02101D72AFB53BA00CB2FCD /* HomeFriendView.swift */ = {isa = PBXFileReference; lastKnownFileType = sourcecode.swift; path = HomeFriendView.swift; sourceTree = "<group>"; };
		A02101D92AFB56BD00CB2FCD /* GroupEditModal.swift */ = {isa = PBXFileReference; lastKnownFileType = sourcecode.swift; path = GroupEditModal.swift; sourceTree = "<group>"; };
		A03A748A2B5B9B03003100DF /* GroupEditSelectModal.swift */ = {isa = PBXFileReference; lastKnownFileType = sourcecode.swift; path = GroupEditSelectModal.swift; sourceTree = "<group>"; };
		A04756712AEEB714000872B9 /* LoginView.swift */ = {isa = PBXFileReference; lastKnownFileType = sourcecode.swift; path = LoginView.swift; sourceTree = "<group>"; };
		A04E11D62B4C23560067AA39 /* HomeGroupSingleView.swift */ = {isa = PBXFileReference; lastKnownFileType = sourcecode.swift; path = HomeGroupSingleView.swift; sourceTree = "<group>"; };
		A05E269C2B1F401C00FD3E22 /* GroupAPI.swift */ = {isa = PBXFileReference; lastKnownFileType = sourcecode.swift; path = GroupAPI.swift; sourceTree = "<group>"; };
		A06000802AFCFCA800CC9A6A /* MainViewModel.swift */ = {isa = PBXFileReference; lastKnownFileType = sourcecode.swift; path = MainViewModel.swift; sourceTree = "<group>"; };
		A06810DB2B6A233D0045DC43 /* NetworkMonitorView.swift */ = {isa = PBXFileReference; lastKnownFileType = sourcecode.swift; path = NetworkMonitorView.swift; sourceTree = "<group>"; };
		A06810DD2B6B32860045DC43 /* MyToast.swift */ = {isa = PBXFileReference; lastKnownFileType = sourcecode.swift; path = MyToast.swift; sourceTree = "<group>"; };
		A06BAE922AF8B78000DB5A76 /* Where42ToolBarContent.swift */ = {isa = PBXFileReference; lastKnownFileType = sourcecode.swift; path = Where42ToolBarContent.swift; sourceTree = "<group>"; };
		A06BAE972AF8BDDE00DB5A76 /* DeviceName.swift */ = {isa = PBXFileReference; fileEncoding = 4; lastKnownFileType = sourcecode.swift; path = DeviceName.swift; sourceTree = "<group>"; };
		A06BAE992AF8C1CC00DB5A76 /* API.swift */ = {isa = PBXFileReference; lastKnownFileType = sourcecode.swift; path = API.swift; sourceTree = "<group>"; };
		A06BAE9B2AF9E7CC00DB5A76 /* HomeInfoView.swift */ = {isa = PBXFileReference; lastKnownFileType = sourcecode.swift; path = HomeInfoView.swift; sourceTree = "<group>"; };
		A06BAE9D2AFA2D4100DB5A76 /* HomeFriendInfoView.swift */ = {isa = PBXFileReference; lastKnownFileType = sourcecode.swift; path = HomeFriendInfoView.swift; sourceTree = "<group>"; };
		A06DB6442AFDD9A00021263A /* SettingViewModel.swift */ = {isa = PBXFileReference; lastKnownFileType = sourcecode.swift; name = SettingViewModel.swift; path = Where42/ViewModel/SettingViewModel.swift; sourceTree = SOURCE_ROOT; };
		A06DB6462AFDDF6C0021263A /* HomeGroupViewModel.swift */ = {isa = PBXFileReference; lastKnownFileType = sourcecode.swift; name = HomeGroupViewModel.swift; path = Where42/ViewModel/HomeGroupViewModel.swift; sourceTree = SOURCE_ROOT; };
		A07518502B218E0E00E1AE7C /* PersonalInfoAgreementView.swift */ = {isa = PBXFileReference; lastKnownFileType = sourcecode.swift; path = PersonalInfoAgreementView.swift; sourceTree = "<group>"; };
		A07518522B219F6F00E1AE7C /* AnimatePlaceholder.swift */ = {isa = PBXFileReference; lastKnownFileType = sourcecode.swift; name = AnimatePlaceholder.swift; path = Where42/View/Utils/AnimatePlaceholder.swift; sourceTree = SOURCE_ROOT; };
		A0782B822AFCA00A00A7DDDA /* readSize.swift */ = {isa = PBXFileReference; lastKnownFileType = sourcecode.swift; path = readSize.swift; sourceTree = "<group>"; };
		A090A2952AFD1EF8001A1198 /* CustomAlertModal.swift */ = {isa = PBXFileReference; lastKnownFileType = sourcecode.swift; path = CustomAlertModal.swift; sourceTree = "<group>"; };
		A0938C422B0C6A0D00367E84 /* SearchViewModel.swift */ = {isa = PBXFileReference; lastKnownFileType = sourcecode.swift; path = SearchViewModel.swift; sourceTree = "<group>"; };
		A0A351302B565EDF00A826A5 /* CustomExceptions.swift */ = {isa = PBXFileReference; lastKnownFileType = sourcecode.swift; path = CustomExceptions.swift; sourceTree = "<group>"; };
		A0AF34A32AEFA2A60057C996 /* LaunchScreenView.swift */ = {isa = PBXFileReference; lastKnownFileType = sourcecode.swift; path = LaunchScreenView.swift; sourceTree = "<group>"; };
		A0BBA7012B01DEDC00C3A8A0 /* LoginViewModel.swift */ = {isa = PBXFileReference; lastKnownFileType = sourcecode.swift; path = LoginViewModel.swift; sourceTree = "<group>"; };
		A0BBA7032B01E09800C3A8A0 /* MyWebView.swift */ = {isa = PBXFileReference; lastKnownFileType = sourcecode.swift; path = MyWebView.swift; sourceTree = "<group>"; };
		A0BBA7052B01E13C00C3A8A0 /* HelpPage.swift */ = {isa = PBXFileReference; lastKnownFileType = sourcecode.swift; path = HelpPage.swift; sourceTree = "<group>"; };
		A0CF06642B7340A300FE2F15 /* WhereSceneDelegate.swift */ = {isa = PBXFileReference; lastKnownFileType = sourcecode.swift; path = WhereSceneDelegate.swift; sourceTree = "<group>"; };
		A0CF06662B7343D600FE2F15 /* ToastScene.swift */ = {isa = PBXFileReference; lastKnownFileType = sourcecode.swift; path = ToastScene.swift; sourceTree = "<group>"; };
		A0CF06682B7346B500FE2F15 /* PassThroughWindow.swift */ = {isa = PBXFileReference; lastKnownFileType = sourcecode.swift; path = PassThroughWindow.swift; sourceTree = "<group>"; };
		A0CF066A2B73496400FE2F15 /* WhereAppDelegate.swift */ = {isa = PBXFileReference; lastKnownFileType = sourcecode.swift; path = WhereAppDelegate.swift; sourceTree = "<group>"; };
		A0D275E32B06EACC00A414CD /* Debug.xcconfig */ = {isa = PBXFileReference; lastKnownFileType = text.xcconfig; path = Debug.xcconfig; sourceTree = "<group>"; };
		A0D275E42B06EAEB00A414CD /* Release.xcconfig */ = {isa = PBXFileReference; lastKnownFileType = text.xcconfig; path = Release.xcconfig; sourceTree = "<group>"; };
		A0D275E52B06EB1A00A414CD /* Shared.xcconfig */ = {isa = PBXFileReference; lastKnownFileType = text.xcconfig; path = Shared.xcconfig; sourceTree = "<group>"; };
		A0D5E0342B108B1E00BEE525 /* Settings.bundle */ = {isa = PBXFileReference; lastKnownFileType = "wrapper.plug-in"; path = Settings.bundle; sourceTree = "<group>"; };
		A0D5E0362B15DD9F00BEE525 /* MemberAPI.swift */ = {isa = PBXFileReference; lastKnownFileType = sourcecode.swift; path = MemberAPI.swift; sourceTree = "<group>"; };
		A0D836042B5BB2BE006C18E2 /* GroupMemberAddView.swift */ = {isa = PBXFileReference; lastKnownFileType = sourcecode.swift; path = GroupMemberAddView.swift; sourceTree = "<group>"; };
		A0D836062B5BD675006C18E2 /* SettingAlert.swift */ = {isa = PBXFileReference; lastKnownFileType = sourcecode.swift; path = SettingAlert.swift; sourceTree = "<group>"; };
		A0D836082B5BD736006C18E2 /* CustomLocationView.swift */ = {isa = PBXFileReference; lastKnownFileType = sourcecode.swift; path = CustomLocationView.swift; sourceTree = "<group>"; };
		A0E366122B63937800C90D08 /* SearchMemberInfoView.swift */ = {isa = PBXFileReference; lastKnownFileType = sourcecode.swift; path = SearchMemberInfoView.swift; sourceTree = "<group>"; };
		A0ECD5E72B36AAAB0032F46D /* GroupMemberDeleteView.swift */ = {isa = PBXFileReference; lastKnownFileType = sourcecode.swift; path = GroupMemberDeleteView.swift; sourceTree = "<group>"; };
		A0F683992B4AC3A400EEA986 /* SheetOrPopOver.swift */ = {isa = PBXFileReference; lastKnownFileType = sourcecode.swift; name = SheetOrPopOver.swift; path = Where42/View/Utils/SheetOrPopOver.swift; sourceTree = "<group>"; };
		A0FD45382AEB81D70050AB09 /* Where42.app */ = {isa = PBXFileReference; explicitFileType = wrapper.application; includeInIndex = 0; path = Where42.app; sourceTree = BUILT_PRODUCTS_DIR; };
		A0FD453B2AEB81D70050AB09 /* Where42App.swift */ = {isa = PBXFileReference; lastKnownFileType = sourcecode.swift; path = Where42App.swift; sourceTree = "<group>"; };
		A0FD453D2AEB81D70050AB09 /* Where42.swift */ = {isa = PBXFileReference; lastKnownFileType = sourcecode.swift; path = Where42.swift; sourceTree = "<group>"; };
		A0FD453F2AEB81DB0050AB09 /* Assets.xcassets */ = {isa = PBXFileReference; lastKnownFileType = folder.assetcatalog; path = Assets.xcassets; sourceTree = "<group>"; };
		A0FD45422AEB81DB0050AB09 /* Preview Assets.xcassets */ = {isa = PBXFileReference; lastKnownFileType = folder.assetcatalog; path = "Preview Assets.xcassets"; sourceTree = "<group>"; };
		A0FDC54E2B08B2C300B3D49E /* MainAlertView.swift */ = {isa = PBXFileReference; lastKnownFileType = sourcecode.swift; path = MainAlertView.swift; sourceTree = "<group>"; };
/* End PBXFileReference section */

/* Begin PBXFrameworksBuildPhase section */
		A0FD45352AEB81D70050AB09 /* Frameworks */ = {
			isa = PBXFrameworksBuildPhase;
			buildActionMask = 2147483647;
			files = (
				A06000842AFD166800CC9A6A /* Kingfisher in Frameworks */,
			);
			runOnlyForDeploymentPostprocessing = 0;
		};
/* End PBXFrameworksBuildPhase section */

/* Begin PBXGroup section */
		A01551B82AED5ABF00B9D271 /* font */ = {
			isa = PBXGroup;
			children = (
				A01551B42AED5AB800B9D271 /* GmarketSansTTFBold.ttf */,
				A01551B32AED5AB800B9D271 /* GmarketSansTTFLight.ttf */,
				A01551B22AED5AB700B9D271 /* GmarketSansTTFMedium.ttf */,
				A01551BA2AED5E7800B9D271 /* Font.swift */,
			);
			path = font;
			sourceTree = "<group>";
		};
		A019CC492B038E52007DBA20 /* Selecting */ = {
			isa = PBXGroup;
			children = (
				A019CC452B038DBB007DBA20 /* SelectingView.swift */,
				A019CC472B038E4D007DBA20 /* SelectingFriendInfoView.swift */,
			);
			path = Selecting;
			sourceTree = "<group>";
		};
		A02101C62AFB21E100CB2FCD /* ViewModel */ = {
			isa = PBXGroup;
			children = (
				A06000802AFCFCA800CC9A6A /* MainViewModel.swift */,
				A0BBA7012B01DEDC00C3A8A0 /* LoginViewModel.swift */,
				A02101C42AFB21D800CB2FCD /* HomeViewModel.swift */,
				A06DB6462AFDDF6C0021263A /* HomeGroupViewModel.swift */,
				A06DB6442AFDD9A00021263A /* SettingViewModel.swift */,
				A0938C422B0C6A0D00367E84 /* SearchViewModel.swift */,
			);
			path = ViewModel;
			sourceTree = "<group>";
		};
		A02101C72AFB221900CB2FCD /* View */ = {
			isa = PBXGroup;
			children = (
				A0AF34A32AEFA2A60057C996 /* LaunchScreenView.swift */,
				A090A2972AFD1EFE001A1198 /* CustomAlert */,
				A02101D22AFB25F800CB2FCD /* Main */,
				A02101CE2AFB25B500CB2FCD /* Home */,
				A02101D02AFB25DC00CB2FCD /* Login */,
				A075184F2B217F4D00E1AE7C /* Utils */,
				A02101CF2AFB25D400CB2FCD /* Search */,
				A019CC492B038E52007DBA20 /* Selecting */,
				A02101D12AFB25E600CB2FCD /* Setting */,
			);
			path = View;
			sourceTree = "<group>";
		};
		A02101C82AFB222F00CB2FCD /* Utils */ = {
			isa = PBXGroup;
			children = (
				A06BAE972AF8BDDE00DB5A76 /* DeviceName.swift */,
			);
			path = Utils;
			sourceTree = "<group>";
		};
		A02101CB2AFB23D400CB2FCD /* Model */ = {
			isa = PBXGroup;
			children = (
				A02101CC2AFB23F400CB2FCD /* MemberInfoModel.swift */,
				A02101C92AFB23A500CB2FCD /* GruopInfoModel.swift */,
			);
			path = Model;
			sourceTree = "<group>";
		};
		A02101CE2AFB25B500CB2FCD /* Home */ = {
			isa = PBXGroup;
			children = (
				A015518D2AECE51400B9D271 /* HomeView.swift */,
				A06BAE9B2AF9E7CC00DB5A76 /* HomeInfoView.swift */,
				A02101D72AFB53BA00CB2FCD /* HomeFriendView.swift */,
				A02101D52AFB52AB00CB2FCD /* HomeGroupView.swift */,
				A04E11D62B4C23560067AA39 /* HomeGroupSingleView.swift */,
				A06BAE9D2AFA2D4100DB5A76 /* HomeFriendInfoView.swift */,
				A02101D32AFB4C9200CB2FCD /* FriendEditModal.swift */,
				A02101D92AFB56BD00CB2FCD /* GroupEditModal.swift */,
				A03A748A2B5B9B03003100DF /* GroupEditSelectModal.swift */,
				A0ECD5E72B36AAAB0032F46D /* GroupMemberDeleteView.swift */,
				A0D836042B5BB2BE006C18E2 /* GroupMemberAddView.swift */,
			);
			path = Home;
			sourceTree = "<group>";
		};
		A02101CF2AFB25D400CB2FCD /* Search */ = {
			isa = PBXGroup;
			children = (
				A01551A92AECE56400B9D271 /* SearchView.swift */,
				A0E366122B63937800C90D08 /* SearchMemberInfoView.swift */,
			);
			path = Search;
			sourceTree = "<group>";
		};
		A02101D02AFB25DC00CB2FCD /* Login */ = {
			isa = PBXGroup;
			children = (
				A04756712AEEB714000872B9 /* LoginView.swift */,
				A07518502B218E0E00E1AE7C /* PersonalInfoAgreementView.swift */,
				A0BBA7052B01E13C00C3A8A0 /* HelpPage.swift */,
			);
			path = Login;
			sourceTree = "<group>";
		};
		A02101D12AFB25E600CB2FCD /* Setting */ = {
			isa = PBXGroup;
			children = (
				A01551BC2AEE401C00B9D271 /* SettingView.swift */,
				A0D836062B5BD675006C18E2 /* SettingAlert.swift */,
				A0D836082B5BD736006C18E2 /* CustomLocationView.swift */,
			);
			path = Setting;
			sourceTree = "<group>";
		};
		A02101D22AFB25F800CB2FCD /* Main */ = {
			isa = PBXGroup;
			children = (
				A0FD453D2AEB81D70050AB09 /* Where42.swift */,
				A0FDC54E2B08B2C300B3D49E /* MainAlertView.swift */,
				A06BAE922AF8B78000DB5A76 /* Where42ToolBarContent.swift */,
			);
			path = Main;
			sourceTree = "<group>";
		};
		A060007F2AFCF78300CC9A6A /* API */ = {
			isa = PBXGroup;
			children = (
				A06BAE992AF8C1CC00DB5A76 /* API.swift */,
				A0D5E0362B15DD9F00BEE525 /* MemberAPI.swift */,
				A05E269C2B1F401C00FD3E22 /* GroupAPI.swift */,
				A01FF5002B4D21B3008F842B /* LoginAPI.swift */,
				A0A351302B565EDF00A826A5 /* CustomExceptions.swift */,
			);
			path = API;
			sourceTree = "<group>";
		};
		A075184F2B217F4D00E1AE7C /* Utils */ = {
			isa = PBXGroup;
			children = (
				A0CF06632B733F8800FE2F15 /* multiple layer */,
				A07518522B219F6F00E1AE7C /* AnimatePlaceholder.swift */,
				A06810DD2B6B32860045DC43 /* MyToast.swift */,
				A0BBA7032B01E09800C3A8A0 /* MyWebView.swift */,
				A06810DB2B6A233D0045DC43 /* NetworkMonitorView.swift */,
				A0782B822AFCA00A00A7DDDA /* readSize.swift */,
			);
			path = Utils;
			sourceTree = "<group>";
		};
		A090A2972AFD1EFE001A1198 /* CustomAlert */ = {
			isa = PBXGroup;
			children = (
				A090A2952AFD1EF8001A1198 /* CustomAlertModal.swift */,
			);
			path = CustomAlert;
			sourceTree = "<group>";
		};
		A0CF06632B733F8800FE2F15 /* multiple layer */ = {
			isa = PBXGroup;
			children = (
				A0CF066A2B73496400FE2F15 /* WhereAppDelegate.swift */,
				A0CF06642B7340A300FE2F15 /* WhereSceneDelegate.swift */,
				A0CF06682B7346B500FE2F15 /* PassThroughWindow.swift */,
				A0CF06662B7343D600FE2F15 /* ToastScene.swift */,
			);
			path = "multiple layer";
			sourceTree = "<group>";
		};
		A0D275E62B06EB3F00A414CD /* XCConfig */ = {
			isa = PBXGroup;
			children = (
				A0D275E52B06EB1A00A414CD /* Shared.xcconfig */,
				A0D275E32B06EACC00A414CD /* Debug.xcconfig */,
				A0D275E42B06EAEB00A414CD /* Release.xcconfig */,
			);
			name = XCConfig;
			path = ../XCConfig;
			sourceTree = "<group>";
		};
		A0FD452F2AEB81D60050AB09 = {
			isa = PBXGroup;
			children = (
				A0F683992B4AC3A400EEA986 /* SheetOrPopOver.swift */,
				A0D5E0342B108B1E00BEE525 /* Settings.bundle */,
				A0D275E62B06EB3F00A414CD /* XCConfig */,
				A0FD453A2AEB81D70050AB09 /* Where42 */,
				A0FD45392AEB81D70050AB09 /* Products */,
			);
			sourceTree = "<group>";
		};
		A0FD45392AEB81D70050AB09 /* Products */ = {
			isa = PBXGroup;
			children = (
				A0FD45382AEB81D70050AB09 /* Where42.app */,
			);
			name = Products;
			sourceTree = "<group>";
		};
		A0FD453A2AEB81D70050AB09 /* Where42 */ = {
			isa = PBXGroup;
			children = (
				A01551B92AED5D9E00B9D271 /* Info.plist */,
				A01551B82AED5ABF00B9D271 /* font */,
				A0FD453B2AEB81D70050AB09 /* Where42App.swift */,
				A02101C62AFB21E100CB2FCD /* ViewModel */,
				A02101C72AFB221900CB2FCD /* View */,
				A02101CB2AFB23D400CB2FCD /* Model */,
				A02101C82AFB222F00CB2FCD /* Utils */,
				A060007F2AFCF78300CC9A6A /* API */,
				A0FD453F2AEB81DB0050AB09 /* Assets.xcassets */,
				A0FD45412AEB81DB0050AB09 /* Preview Content */,
			);
			path = Where42;
			sourceTree = "<group>";
		};
		A0FD45412AEB81DB0050AB09 /* Preview Content */ = {
			isa = PBXGroup;
			children = (
				A0FD45422AEB81DB0050AB09 /* Preview Assets.xcassets */,
			);
			path = "Preview Content";
			sourceTree = "<group>";
		};
/* End PBXGroup section */

/* Begin PBXNativeTarget section */
		A0FD45372AEB81D70050AB09 /* Where42 */ = {
			isa = PBXNativeTarget;
			buildConfigurationList = A0FD45462AEB81DB0050AB09 /* Build configuration list for PBXNativeTarget "Where42" */;
			buildPhases = (
				A0FD45342AEB81D70050AB09 /* Sources */,
				A0FD45352AEB81D70050AB09 /* Frameworks */,
				A0FD45362AEB81D70050AB09 /* Resources */,
			);
			buildRules = (
			);
			dependencies = (
			);
			name = Where42;
			packageProductDependencies = (
				A06000832AFD166800CC9A6A /* Kingfisher */,
			);
			productName = Where42;
			productReference = A0FD45382AEB81D70050AB09 /* Where42.app */;
			productType = "com.apple.product-type.application";
		};
/* End PBXNativeTarget section */

/* Begin PBXProject section */
		A0FD45302AEB81D60050AB09 /* Project object */ = {
			isa = PBXProject;
			attributes = {
				BuildIndependentTargetsInParallel = 1;
				LastSwiftUpdateCheck = 1500;
				LastUpgradeCheck = 1510;
				TargetAttributes = {
					A0FD45372AEB81D70050AB09 = {
						CreatedOnToolsVersion = 15.0.1;
					};
				};
			};
			buildConfigurationList = A0FD45332AEB81D60050AB09 /* Build configuration list for PBXProject "Where42" */;
			compatibilityVersion = "Xcode 14.0";
			developmentRegion = ko;
			hasScannedForEncodings = 0;
			knownRegions = (
				en,
				Base,
				ko,
			);
			mainGroup = A0FD452F2AEB81D60050AB09;
			packageReferences = (
				A06000822AFD166800CC9A6A /* XCRemoteSwiftPackageReference "Kingfisher" */,
			);
			productRefGroup = A0FD45392AEB81D70050AB09 /* Products */;
			projectDirPath = "";
			projectRoot = "";
			targets = (
				A0FD45372AEB81D70050AB09 /* Where42 */,
			);
		};
/* End PBXProject section */

/* Begin PBXResourcesBuildPhase section */
		A0FD45362AEB81D70050AB09 /* Resources */ = {
			isa = PBXResourcesBuildPhase;
			buildActionMask = 2147483647;
			files = (
				A0FD45432AEB81DB0050AB09 /* Preview Assets.xcassets in Resources */,
				A01551B62AED5AB800B9D271 /* GmarketSansTTFLight.ttf in Resources */,
				A0FD45402AEB81DB0050AB09 /* Assets.xcassets in Resources */,
				A01551B52AED5AB800B9D271 /* GmarketSansTTFMedium.ttf in Resources */,
				A0D5E0352B108B1E00BEE525 /* Settings.bundle in Resources */,
				A01551B72AED5AB800B9D271 /* GmarketSansTTFBold.ttf in Resources */,
			);
			runOnlyForDeploymentPostprocessing = 0;
		};
/* End PBXResourcesBuildPhase section */

/* Begin PBXSourcesBuildPhase section */
		A0FD45342AEB81D70050AB09 /* Sources */ = {
			isa = PBXSourcesBuildPhase;
			buildActionMask = 2147483647;
			files = (
				A0938C432B0C6A0D00367E84 /* SearchViewModel.swift in Sources */,
				A04E11D72B4C23560067AA39 /* HomeGroupSingleView.swift in Sources */,
				A01FF5012B4D21B3008F842B /* LoginAPI.swift in Sources */,
				A019CC462B038DBB007DBA20 /* SelectingView.swift in Sources */,
				A06DB6432AFD24700021263A /* CustomAlertModal.swift in Sources */,
				A0FDC54F2B08B2C300B3D49E /* MainAlertView.swift in Sources */,
				A027B9512AFD23BD00AB7B10 /* Font.swift in Sources */,
				A07518512B218E0E00E1AE7C /* PersonalInfoAgreementView.swift in Sources */,
				A06810DC2B6A233D0045DC43 /* NetworkMonitorView.swift in Sources */,
				A06810DE2B6B32860045DC43 /* MyToast.swift in Sources */,
				A06BAE9A2AF8C1CC00DB5A76 /* API.swift in Sources */,
				A0AF34A42AEFA2A60057C996 /* LaunchScreenView.swift in Sources */,
				A0E366132B63937800C90D08 /* SearchMemberInfoView.swift in Sources */,
				A0BBA7062B01E13C00C3A8A0 /* HelpPage.swift in Sources */,
				A06DB6452AFDD9A00021263A /* SettingViewModel.swift in Sources */,
				A0782B832AFCA00A00A7DDDA /* readSize.swift in Sources */,
				A0BBA7042B01E09800C3A8A0 /* MyWebView.swift in Sources */,
				A06DB6472AFDDF6C0021263A /* HomeGroupViewModel.swift in Sources */,
				A01551AA2AECE56400B9D271 /* SearchView.swift in Sources */,
				A0D5E0372B15DD9F00BEE525 /* MemberAPI.swift in Sources */,
				A06BAE932AF8B78000DB5A76 /* Where42ToolBarContent.swift in Sources */,
				A06BAE9E2AFA2D4100DB5A76 /* HomeFriendInfoView.swift in Sources */,
				A04756722AEEB714000872B9 /* LoginView.swift in Sources */,
				A06BAE9C2AF9E7CC00DB5A76 /* HomeInfoView.swift in Sources */,
				A0D836052B5BB2BE006C18E2 /* GroupMemberAddView.swift in Sources */,
				A02101DA2AFB56BD00CB2FCD /* GroupEditModal.swift in Sources */,
				A0D836072B5BD675006C18E2 /* SettingAlert.swift in Sources */,
				A07518532B219F6F00E1AE7C /* AnimatePlaceholder.swift in Sources */,
				A02101D62AFB52AB00CB2FCD /* HomeGroupView.swift in Sources */,
				A015518E2AECE51400B9D271 /* HomeView.swift in Sources */,
				A0CF06672B7343D600FE2F15 /* ToastScene.swift in Sources */,
				A01551BD2AEE401C00B9D271 /* SettingView.swift in Sources */,
				A0CF066B2B73496400FE2F15 /* WhereAppDelegate.swift in Sources */,
				A019CC482B038E4D007DBA20 /* SelectingFriendInfoView.swift in Sources */,
				A02101CA2AFB23A500CB2FCD /* GruopInfoModel.swift in Sources */,
				A02101CD2AFB23F400CB2FCD /* MemberInfoModel.swift in Sources */,
				A0F6839A2B4AC3A400EEA986 /* SheetOrPopOver.swift in Sources */,
				A0A351312B565EDF00A826A5 /* CustomExceptions.swift in Sources */,
				A0BBA7022B01DEDC00C3A8A0 /* LoginViewModel.swift in Sources */,
				A02101D82AFB53BA00CB2FCD /* HomeFriendView.swift in Sources */,
				A02101C52AFB21D800CB2FCD /* HomeViewModel.swift in Sources */,
				A0CF06652B7340A300FE2F15 /* WhereSceneDelegate.swift in Sources */,
				A0CF06692B7346B500FE2F15 /* PassThroughWindow.swift in Sources */,
				A05E269D2B1F401C00FD3E22 /* GroupAPI.swift in Sources */,
				A0FD453E2AEB81D70050AB09 /* Where42.swift in Sources */,
				A06BAE982AF8BDDE00DB5A76 /* DeviceName.swift in Sources */,
				A0D836092B5BD736006C18E2 /* CustomLocationView.swift in Sources */,
				A02101D42AFB4C9200CB2FCD /* FriendEditModal.swift in Sources */,
				A0ECD5E82B36AAAB0032F46D /* GroupMemberDeleteView.swift in Sources */,
				A03A748B2B5B9B03003100DF /* GroupEditSelectModal.swift in Sources */,
				A06000812AFCFCA800CC9A6A /* MainViewModel.swift in Sources */,
				A0FD453C2AEB81D70050AB09 /* Where42App.swift in Sources */,
			);
			runOnlyForDeploymentPostprocessing = 0;
		};
/* End PBXSourcesBuildPhase section */

/* Begin XCBuildConfiguration section */
		A0FD45442AEB81DB0050AB09 /* Debug */ = {
			isa = XCBuildConfiguration;
			buildSettings = {
				ALWAYS_SEARCH_USER_PATHS = NO;
				ASSETCATALOG_COMPILER_GENERATE_SWIFT_ASSET_SYMBOL_EXTENSIONS = YES;
				CLANG_ANALYZER_LOCALIZABILITY_NONLOCALIZED = YES;
				CLANG_ANALYZER_NONNULL = YES;
				CLANG_ANALYZER_NUMBER_OBJECT_CONVERSION = YES_AGGRESSIVE;
				CLANG_CXX_LANGUAGE_STANDARD = "gnu++20";
				CLANG_ENABLE_MODULES = YES;
				CLANG_ENABLE_OBJC_ARC = YES;
				CLANG_ENABLE_OBJC_WEAK = YES;
				CLANG_WARN_BLOCK_CAPTURE_AUTORELEASING = YES;
				CLANG_WARN_BOOL_CONVERSION = YES;
				CLANG_WARN_COMMA = YES;
				CLANG_WARN_CONSTANT_CONVERSION = YES;
				CLANG_WARN_DEPRECATED_OBJC_IMPLEMENTATIONS = YES;
				CLANG_WARN_DIRECT_OBJC_ISA_USAGE = YES_ERROR;
				CLANG_WARN_DOCUMENTATION_COMMENTS = YES;
				CLANG_WARN_EMPTY_BODY = YES;
				CLANG_WARN_ENUM_CONVERSION = YES;
				CLANG_WARN_INFINITE_RECURSION = YES;
				CLANG_WARN_INT_CONVERSION = YES;
				CLANG_WARN_NON_LITERAL_NULL_CONVERSION = YES;
				CLANG_WARN_OBJC_IMPLICIT_RETAIN_SELF = YES;
				CLANG_WARN_OBJC_LITERAL_CONVERSION = YES;
				CLANG_WARN_OBJC_ROOT_CLASS = YES_ERROR;
				CLANG_WARN_QUOTED_INCLUDE_IN_FRAMEWORK_HEADER = YES;
				CLANG_WARN_RANGE_LOOP_ANALYSIS = YES;
				CLANG_WARN_STRICT_PROTOTYPES = YES;
				CLANG_WARN_SUSPICIOUS_MOVE = YES;
				CLANG_WARN_UNGUARDED_AVAILABILITY = YES_AGGRESSIVE;
				CLANG_WARN_UNREACHABLE_CODE = YES;
				CLANG_WARN__DUPLICATE_METHOD_MATCH = YES;
				COPY_PHASE_STRIP = NO;
				DEBUG_INFORMATION_FORMAT = dwarf;
				ENABLE_APP_SANDBOX = NO;
				ENABLE_STRICT_OBJC_MSGSEND = YES;
				ENABLE_TESTABILITY = YES;
				ENABLE_USER_SCRIPT_SANDBOXING = YES;
				GCC_C_LANGUAGE_STANDARD = gnu17;
				GCC_DYNAMIC_NO_PIC = NO;
				GCC_NO_COMMON_BLOCKS = YES;
				GCC_OPTIMIZATION_LEVEL = 0;
				GCC_PREPROCESSOR_DEFINITIONS = (
					"DEBUG=1",
					"$(inherited)",
				);
				GCC_WARN_64_TO_32_BIT_CONVERSION = YES;
				GCC_WARN_ABOUT_RETURN_TYPE = YES_ERROR;
				GCC_WARN_UNDECLARED_SELECTOR = YES;
				GCC_WARN_UNINITIALIZED_AUTOS = YES_AGGRESSIVE;
				GCC_WARN_UNUSED_FUNCTION = YES;
				GCC_WARN_UNUSED_VARIABLE = YES;
				IPHONEOS_DEPLOYMENT_TARGET = 16.0;
				LOCALIZATION_PREFERS_STRING_CATALOGS = YES;
				MTL_ENABLE_DEBUG_INFO = INCLUDE_SOURCE;
				MTL_FAST_MATH = YES;
				ONLY_ACTIVE_ARCH = YES;
				OTHER_LDFLAGS = "";
				SDKROOT = iphoneos;
				SWIFT_ACTIVE_COMPILATION_CONDITIONS = "DEBUG $(inherited)";
				SWIFT_OPTIMIZATION_LEVEL = "-Onone";
			};
			name = Debug;
		};
		A0FD45452AEB81DB0050AB09 /* Release */ = {
			isa = XCBuildConfiguration;
			buildSettings = {
				ALWAYS_SEARCH_USER_PATHS = NO;
				ASSETCATALOG_COMPILER_GENERATE_SWIFT_ASSET_SYMBOL_EXTENSIONS = YES;
				CLANG_ANALYZER_LOCALIZABILITY_NONLOCALIZED = YES;
				CLANG_ANALYZER_NONNULL = YES;
				CLANG_ANALYZER_NUMBER_OBJECT_CONVERSION = YES_AGGRESSIVE;
				CLANG_CXX_LANGUAGE_STANDARD = "gnu++20";
				CLANG_ENABLE_MODULES = YES;
				CLANG_ENABLE_OBJC_ARC = YES;
				CLANG_ENABLE_OBJC_WEAK = YES;
				CLANG_WARN_BLOCK_CAPTURE_AUTORELEASING = YES;
				CLANG_WARN_BOOL_CONVERSION = YES;
				CLANG_WARN_COMMA = YES;
				CLANG_WARN_CONSTANT_CONVERSION = YES;
				CLANG_WARN_DEPRECATED_OBJC_IMPLEMENTATIONS = YES;
				CLANG_WARN_DIRECT_OBJC_ISA_USAGE = YES_ERROR;
				CLANG_WARN_DOCUMENTATION_COMMENTS = YES;
				CLANG_WARN_EMPTY_BODY = YES;
				CLANG_WARN_ENUM_CONVERSION = YES;
				CLANG_WARN_INFINITE_RECURSION = YES;
				CLANG_WARN_INT_CONVERSION = YES;
				CLANG_WARN_NON_LITERAL_NULL_CONVERSION = YES;
				CLANG_WARN_OBJC_IMPLICIT_RETAIN_SELF = YES;
				CLANG_WARN_OBJC_LITERAL_CONVERSION = YES;
				CLANG_WARN_OBJC_ROOT_CLASS = YES_ERROR;
				CLANG_WARN_QUOTED_INCLUDE_IN_FRAMEWORK_HEADER = YES;
				CLANG_WARN_RANGE_LOOP_ANALYSIS = YES;
				CLANG_WARN_STRICT_PROTOTYPES = YES;
				CLANG_WARN_SUSPICIOUS_MOVE = YES;
				CLANG_WARN_UNGUARDED_AVAILABILITY = YES_AGGRESSIVE;
				CLANG_WARN_UNREACHABLE_CODE = YES;
				CLANG_WARN__DUPLICATE_METHOD_MATCH = YES;
				COPY_PHASE_STRIP = NO;
				DEBUG_INFORMATION_FORMAT = "dwarf-with-dsym";
				ENABLE_APP_SANDBOX = NO;
				ENABLE_NS_ASSERTIONS = NO;
				ENABLE_STRICT_OBJC_MSGSEND = YES;
				ENABLE_USER_SCRIPT_SANDBOXING = YES;
				GCC_C_LANGUAGE_STANDARD = gnu17;
				GCC_NO_COMMON_BLOCKS = YES;
				GCC_WARN_64_TO_32_BIT_CONVERSION = YES;
				GCC_WARN_ABOUT_RETURN_TYPE = YES_ERROR;
				GCC_WARN_UNDECLARED_SELECTOR = YES;
				GCC_WARN_UNINITIALIZED_AUTOS = YES_AGGRESSIVE;
				GCC_WARN_UNUSED_FUNCTION = YES;
				GCC_WARN_UNUSED_VARIABLE = YES;
				IPHONEOS_DEPLOYMENT_TARGET = 16.0;
				LOCALIZATION_PREFERS_STRING_CATALOGS = YES;
				MTL_ENABLE_DEBUG_INFO = NO;
				MTL_FAST_MATH = YES;
				OTHER_LDFLAGS = "";
				SDKROOT = iphoneos;
				SWIFT_COMPILATION_MODE = wholemodule;
				VALIDATE_PRODUCT = YES;
			};
			name = Release;
		};
		A0FD45472AEB81DB0050AB09 /* Debug */ = {
			isa = XCBuildConfiguration;
			baseConfigurationReference = A0D275E32B06EACC00A414CD /* Debug.xcconfig */;
			buildSettings = {
				ASSETCATALOG_COMPILER_APPICON_NAME = AppIcon;
				ASSETCATALOG_COMPILER_GLOBAL_ACCENT_COLOR_NAME = AccentColor;
				ASSETCATALOG_COMPILER_INCLUDE_ALL_APPICON_ASSETS = YES;
				CLANG_USE_OPTIMIZATION_PROFILE = NO;
				CODE_SIGN_STYLE = Automatic;
				CURRENT_PROJECT_VERSION = 1;
				DEVELOPMENT_ASSET_PATHS = "\"Where42/Preview Content\"";
				DEVELOPMENT_TEAM = YXHCDG4N3M;
				ENABLE_PREVIEWS = YES;
				ENABLE_TESTING_SEARCH_PATHS = NO;
				GENERATE_INFOPLIST_FILE = YES;
				INFOPLIST_FILE = Where42/Info.plist;
				INFOPLIST_KEY_UIApplicationSceneManifest_Generation = YES;
				INFOPLIST_KEY_UIApplicationSupportsIndirectInputEvents = YES;
				INFOPLIST_KEY_UILaunchScreen_Generation = YES;
				INFOPLIST_KEY_UIRequiresFullScreen = YES;
				INFOPLIST_KEY_UIStatusBarStyle = "";
				INFOPLIST_KEY_UISupportedInterfaceOrientations = UIInterfaceOrientationPortrait;
				INFOPLIST_KEY_UIUserInterfaceStyle = Light;
				IPHONEOS_DEPLOYMENT_TARGET = 16.0;
				LD_RUNPATH_SEARCH_PATHS = (
					"$(inherited)",
					"@executable_path/Frameworks",
				);
				MARKETING_VERSION = 1.0;
				PRODUCT_BUNDLE_IDENTIFIER = dhyun.Where42;
				PRODUCT_NAME = "$(TARGET_NAME)";
				SUPPORTED_PLATFORMS = "iphoneos iphonesimulator";
				SUPPORTS_MACCATALYST = NO;
				SUPPORTS_MAC_DESIGNED_FOR_IPHONE_IPAD = YES;
				SWIFT_EMIT_LOC_STRINGS = YES;
				SWIFT_VERSION = 5.0;
				TARGETED_DEVICE_FAMILY = "1,2";
			};
			name = Debug;
		};
		A0FD45482AEB81DB0050AB09 /* Release */ = {
			isa = XCBuildConfiguration;
			baseConfigurationReference = A0D275E42B06EAEB00A414CD /* Release.xcconfig */;
			buildSettings = {
				ASSETCATALOG_COMPILER_APPICON_NAME = AppIcon;
				ASSETCATALOG_COMPILER_GLOBAL_ACCENT_COLOR_NAME = AccentColor;
				ASSETCATALOG_COMPILER_INCLUDE_ALL_APPICON_ASSETS = YES;
				CLANG_USE_OPTIMIZATION_PROFILE = NO;
				CODE_SIGN_STYLE = Automatic;
				CURRENT_PROJECT_VERSION = 1;
				DEVELOPMENT_ASSET_PATHS = "\"Where42/Preview Content\"";
				DEVELOPMENT_TEAM = YXHCDG4N3M;
				ENABLE_PREVIEWS = YES;
				ENABLE_TESTING_SEARCH_PATHS = NO;
				GENERATE_INFOPLIST_FILE = YES;
				INFOPLIST_FILE = Where42/Info.plist;
				INFOPLIST_KEY_UIApplicationSceneManifest_Generation = YES;
				INFOPLIST_KEY_UIApplicationSupportsIndirectInputEvents = YES;
				INFOPLIST_KEY_UILaunchScreen_Generation = YES;
				INFOPLIST_KEY_UIRequiresFullScreen = YES;
				INFOPLIST_KEY_UIStatusBarStyle = "";
				INFOPLIST_KEY_UISupportedInterfaceOrientations = UIInterfaceOrientationPortrait;
				INFOPLIST_KEY_UIUserInterfaceStyle = Light;
				IPHONEOS_DEPLOYMENT_TARGET = 16.0;
				LD_RUNPATH_SEARCH_PATHS = (
					"$(inherited)",
					"@executable_path/Frameworks",
				);
				MARKETING_VERSION = 1.0;
				PRODUCT_BUNDLE_IDENTIFIER = dhyun.Where42;
				PRODUCT_NAME = "$(TARGET_NAME)";
				SUPPORTED_PLATFORMS = "iphoneos iphonesimulator";
				SUPPORTS_MACCATALYST = NO;
				SUPPORTS_MAC_DESIGNED_FOR_IPHONE_IPAD = YES;
				SWIFT_EMIT_LOC_STRINGS = YES;
				SWIFT_VERSION = 5.0;
				TARGETED_DEVICE_FAMILY = "1,2";
			};
			name = Release;
		};
/* End XCBuildConfiguration section */

/* Begin XCConfigurationList section */
		A0FD45332AEB81D60050AB09 /* Build configuration list for PBXProject "Where42" */ = {
			isa = XCConfigurationList;
			buildConfigurations = (
				A0FD45442AEB81DB0050AB09 /* Debug */,
				A0FD45452AEB81DB0050AB09 /* Release */,
			);
			defaultConfigurationIsVisible = 0;
			defaultConfigurationName = Debug;
		};
		A0FD45462AEB81DB0050AB09 /* Build configuration list for PBXNativeTarget "Where42" */ = {
			isa = XCConfigurationList;
			buildConfigurations = (
				A0FD45472AEB81DB0050AB09 /* Debug */,
				A0FD45482AEB81DB0050AB09 /* Release */,
			);
			defaultConfigurationIsVisible = 0;
			defaultConfigurationName = Debug;
		};
/* End XCConfigurationList section */

/* Begin XCRemoteSwiftPackageReference section */
		A06000822AFD166800CC9A6A /* XCRemoteSwiftPackageReference "Kingfisher" */ = {
			isa = XCRemoteSwiftPackageReference;
			repositoryURL = "https://github.com/onevcat/Kingfisher.git";
			requirement = {
				kind = upToNextMajorVersion;
				minimumVersion = 7.10.0;
			};
		};
/* End XCRemoteSwiftPackageReference section */

/* Begin XCSwiftPackageProductDependency section */
		A06000832AFD166800CC9A6A /* Kingfisher */ = {
			isa = XCSwiftPackageProductDependency;
			package = A06000822AFD166800CC9A6A /* XCRemoteSwiftPackageReference "Kingfisher" */;
			productName = Kingfisher;
		};
/* End XCSwiftPackageProductDependency section */
	};
	rootObject = A0FD45302AEB81D60050AB09 /* Project object */;
}
